# Complete Python environment observed in the preserved SBRC 2026 VM.
# Install this file rather than resolving packages from unpinned names.
# The lock targets CPython 3.12 on Ubuntu Server 24.04 LTS (x86-64).

backcall==0.2.0
bcrypt==5.0.0
cffi==2.0.0
cryptography==46.0.4
decorator==5.2.1
googleapis-common-protos==1.72.0
grpcio==1.76.0
invoke==2.2.1
ipython==7.31.1
jedi==0.17.2
lxml==6.0.2
matplotlib-inline==0.2.1
ncclient==0.7.0
p4runtime==1.4.1
p4runtime-shell==0.0.6
paramiko==4.0.0
parso==0.7.1
pexpect==4.9.0
pickleshare==0.7.5
prompt_toolkit==3.0.52
protobuf==3.20.3
ptyprocess==0.7.0
pycparser==3.0
Pygments==2.19.2
PyNaCl==1.6.2
PyYAML==6.0.3
setuptools==80.9.0
traitlets==5.14.3
typing_extensions==4.15.0
wcwidth==0.2.14
